
Microsoft Visual Studio Solution File, Format Version 12.00
# Visual Studio Express 2012 for Windows Desktop
Project("{FAE04EC0-301F-11D3-BF4B-00C04F79EFBC}") = "Snowball", "Snowball\Snowball.csproj", "{C445E6EB-7FF5-43A9-9F3A-1E6CC7AAB428}"
EndProject
Project("{FAE04EC0-301F-11D3-BF4B-00C04F79EFBC}") = "Snowball.Demo", "Snowball.Demo\Snowball.Demo.csproj", "{70E5D27F-3BC4-4C9E-AA4C-BF4629E12FF0}"
EndProject
Project("{FAE04EC0-301F-11D3-BF4B-00C04F79EFBC}") = "Snowball.Tests", "Snowball.Tests\Snowball.Tests.csproj", "{E407995F-452F-439E-A580-098CB73A06EC}"
EndProject
Project("{FAE04EC0-301F-11D3-BF4B-00C04F79EFBC}") = "Snowball.WinForms", "Snowball.WinForms\Snowball.WinForms.csproj", "{D8F0C42C-299B-44E9-8060-974CF959AF21}"
EndProject
Project("{FAE04EC0-301F-11D3-BF4B-00C04F79EFBC}") = "Snowball.WinForms.Demo", "Snowball.WinForms.Demo\Snowball.WinForms.Demo.csproj", "{603A1AEA-3BD0-4972-A46E-8F13B226ABA3}"
EndProject
Project("{FAE04EC0-301F-11D3-BF4B-00C04F79EFBC}") = "Snowball.Tools.Utilities", "Snowball.Tools.Utilities\Snowball.Tools.Utilities.csproj", "{CEBB78E0-C7D6-4560-862C-B7A77FD1E14F}"
EndProject
Project("{FAE04EC0-301F-11D3-BF4B-00C04F79EFBC}") = "Snowball.Tools.Utilities.Tests", "Snowball.Tools.Utilities.Tests\Snowball.Tools.Utilities.Tests.csproj", "{6BBEFDE1-6AFB-473B-B775-DAC88BFC4F5C}"
EndProject
Project("{FAE04EC0-301F-11D3-BF4B-00C04F79EFBC}") = "Snowball.Graphics", "Snowball.Graphics\Snowball.Graphics.csproj", "{8FFEA678-6F7B-4AF7-B5AD-ADE622346788}"
EndProject
Project("{FAE04EC0-301F-11D3-BF4B-00C04F79EFBC}") = "Snowball.Content", "Snowball.Content\Snowball.Content.csproj", "{26543BA7-2195-4833-BEB3-9646CB5C26EB}"
EndProject
Project("{FAE04EC0-301F-11D3-BF4B-00C04F79EFBC}") = "Snowball.Input", "Snowball.Input\Snowball.Input.csproj", "{FB97B8E3-1B96-4C4B-BE91-CF85CB162B85}"
EndProject
Project("{FAE04EC0-301F-11D3-BF4B-00C04F79EFBC}") = "Snowball.Sound", "Snowball.Sound\Snowball.Sound.csproj", "{38DC0539-4645-4417-8231-A69366BD0D2D}"
EndProject
Project("{FAE04EC0-301F-11D3-BF4B-00C04F79EFBC}") = "Snowball.GameFramework", "Snowball.GameFramework\Snowball.GameFramework.csproj", "{4F0502D3-443D-4521-82FD-68747582539B}"
EndProject
Project("{2150E333-8FDC-42A3-9474-1A3956D46DE8}") = ".nuget", ".nuget", "{1F1107FE-438E-46F4-BDD9-0F9181B2B5AA}"
	ProjectSection(SolutionItems) = preProject
		.nuget\NuGet.Config = .nuget\NuGet.Config
		.nuget\NuGet.exe = .nuget\NuGet.exe
		.nuget\NuGet.targets = .nuget\NuGet.targets
	EndProjectSection
EndProject
Project("{FAE04EC0-301F-11D3-BF4B-00C04F79EFBC}") = "Snowball.Tools.CommandLine", "Snowball.Tools.CommandLine\Snowball.Tools.CommandLine.csproj", "{FB239F13-10A3-4B11-9DC8-7747BF698E37}"
EndProject
Project("{FAE04EC0-301F-11D3-BF4B-00C04F79EFBC}") = "Snowball.Tools.Commands", "Snowball.Tools.Commands\Snowball.Tools.Commands.csproj", "{6363E143-7E57-4162-9258-F042DB7D16FA}"
EndProject
Global
	GlobalSection(SolutionConfigurationPlatforms) = preSolution
		Debug|Any CPU = Debug|Any CPU
		Debug|Mixed Platforms = Debug|Mixed Platforms
		Debug|x86 = Debug|x86
		Release|Any CPU = Release|Any CPU
		Release|Mixed Platforms = Release|Mixed Platforms
		Release|x86 = Release|x86
	EndGlobalSection
	GlobalSection(ProjectConfigurationPlatforms) = postSolution
		{C445E6EB-7FF5-43A9-9F3A-1E6CC7AAB428}.Debug|Any CPU.ActiveCfg = Debug|Any CPU
		{C445E6EB-7FF5-43A9-9F3A-1E6CC7AAB428}.Debug|Any CPU.Build.0 = Debug|Any CPU
		{C445E6EB-7FF5-43A9-9F3A-1E6CC7AAB428}.Debug|Mixed Platforms.ActiveCfg = Debug|Any CPU
		{C445E6EB-7FF5-43A9-9F3A-1E6CC7AAB428}.Debug|Mixed Platforms.Build.0 = Debug|Any CPU
		{C445E6EB-7FF5-43A9-9F3A-1E6CC7AAB428}.Debug|x86.ActiveCfg = Debug|Any CPU
		{C445E6EB-7FF5-43A9-9F3A-1E6CC7AAB428}.Debug|x86.Build.0 = Debug|Any CPU
		{C445E6EB-7FF5-43A9-9F3A-1E6CC7AAB428}.Release|Any CPU.ActiveCfg = Release|Any CPU
		{C445E6EB-7FF5-43A9-9F3A-1E6CC7AAB428}.Release|Any CPU.Build.0 = Release|Any CPU
		{C445E6EB-7FF5-43A9-9F3A-1E6CC7AAB428}.Release|Mixed Platforms.ActiveCfg = Debug|Any CPU
		{C445E6EB-7FF5-43A9-9F3A-1E6CC7AAB428}.Release|Mixed Platforms.Build.0 = Debug|Any CPU
		{C445E6EB-7FF5-43A9-9F3A-1E6CC7AAB428}.Release|x86.ActiveCfg = Release|Any CPU
		{C445E6EB-7FF5-43A9-9F3A-1E6CC7AAB428}.Release|x86.Build.0 = Release|Any CPU
		{70E5D27F-3BC4-4C9E-AA4C-BF4629E12FF0}.Debug|Any CPU.ActiveCfg = Debug|Any CPU
		{70E5D27F-3BC4-4C9E-AA4C-BF4629E12FF0}.Debug|Any CPU.Build.0 = Debug|Any CPU
		{70E5D27F-3BC4-4C9E-AA4C-BF4629E12FF0}.Debug|Mixed Platforms.ActiveCfg = Debug|x86
		{70E5D27F-3BC4-4C9E-AA4C-BF4629E12FF0}.Debug|Mixed Platforms.Build.0 = Debug|x86
		{70E5D27F-3BC4-4C9E-AA4C-BF4629E12FF0}.Debug|x86.ActiveCfg = Debug|x86
		{70E5D27F-3BC4-4C9E-AA4C-BF4629E12FF0}.Debug|x86.Build.0 = Debug|x86
		{70E5D27F-3BC4-4C9E-AA4C-BF4629E12FF0}.Release|Any CPU.ActiveCfg = Release|Any CPU
		{70E5D27F-3BC4-4C9E-AA4C-BF4629E12FF0}.Release|Mixed Platforms.ActiveCfg = Debug|x86
		{70E5D27F-3BC4-4C9E-AA4C-BF4629E12FF0}.Release|Mixed Platforms.Build.0 = Debug|x86
		{70E5D27F-3BC4-4C9E-AA4C-BF4629E12FF0}.Release|x86.ActiveCfg = Release|x86
		{70E5D27F-3BC4-4C9E-AA4C-BF4629E12FF0}.Release|x86.Build.0 = Release|x86
		{E407995F-452F-439E-A580-098CB73A06EC}.Debug|Any CPU.ActiveCfg = Debug|Any CPU
		{E407995F-452F-439E-A580-098CB73A06EC}.Debug|Any CPU.Build.0 = Debug|Any CPU
		{E407995F-452F-439E-A580-098CB73A06EC}.Debug|Mixed Platforms.ActiveCfg = Debug|Any CPU
		{E407995F-452F-439E-A580-098CB73A06EC}.Debug|Mixed Platforms.Build.0 = Debug|Any CPU
		{E407995F-452F-439E-A580-098CB73A06EC}.Debug|x86.ActiveCfg = Debug|Any CPU
		{E407995F-452F-439E-A580-098CB73A06EC}.Debug|x86.Build.0 = Debug|Any CPU
		{E407995F-452F-439E-A580-098CB73A06EC}.Release|Any CPU.ActiveCfg = Release|Any CPU
		{E407995F-452F-439E-A580-098CB73A06EC}.Release|Any CPU.Build.0 = Release|Any CPU
		{E407995F-452F-439E-A580-098CB73A06EC}.Release|Mixed Platforms.ActiveCfg = Debug|Any CPU
		{E407995F-452F-439E-A580-098CB73A06EC}.Release|Mixed Platforms.Build.0 = Debug|Any CPU
		{E407995F-452F-439E-A580-098CB73A06EC}.Release|x86.ActiveCfg = Release|Any CPU
		{E407995F-452F-439E-A580-098CB73A06EC}.Release|x86.Build.0 = Release|Any CPU
		{D8F0C42C-299B-44E9-8060-974CF959AF21}.Debug|Any CPU.ActiveCfg = Debug|Any CPU
		{D8F0C42C-299B-44E9-8060-974CF959AF21}.Debug|Any CPU.Build.0 = Debug|Any CPU
		{D8F0C42C-299B-44E9-8060-974CF959AF21}.Debug|Mixed Platforms.ActiveCfg = Debug|Any CPU
		{D8F0C42C-299B-44E9-8060-974CF959AF21}.Debug|Mixed Platforms.Build.0 = Debug|Any CPU
		{D8F0C42C-299B-44E9-8060-974CF959AF21}.Debug|x86.ActiveCfg = Debug|Any CPU
		{D8F0C42C-299B-44E9-8060-974CF959AF21}.Release|Any CPU.ActiveCfg = Release|Any CPU
		{D8F0C42C-299B-44E9-8060-974CF959AF21}.Release|Any CPU.Build.0 = Release|Any CPU
		{D8F0C42C-299B-44E9-8060-974CF959AF21}.Release|Mixed Platforms.ActiveCfg = Release|Any CPU
		{D8F0C42C-299B-44E9-8060-974CF959AF21}.Release|Mixed Platforms.Build.0 = Release|Any CPU
		{D8F0C42C-299B-44E9-8060-974CF959AF21}.Release|x86.ActiveCfg = Release|Any CPU
		{D8F0C42C-299B-44E9-8060-974CF959AF21}.Release|x86.Build.0 = Release|Any CPU
		{603A1AEA-3BD0-4972-A46E-8F13B226ABA3}.Debug|Any CPU.ActiveCfg = Debug|Any CPU
		{603A1AEA-3BD0-4972-A46E-8F13B226ABA3}.Debug|Any CPU.Build.0 = Debug|Any CPU
		{603A1AEA-3BD0-4972-A46E-8F13B226ABA3}.Debug|Mixed Platforms.ActiveCfg = Debug|x86
		{603A1AEA-3BD0-4972-A46E-8F13B226ABA3}.Debug|Mixed Platforms.Build.0 = Debug|x86
		{603A1AEA-3BD0-4972-A46E-8F13B226ABA3}.Debug|x86.ActiveCfg = Debug|x86
		{603A1AEA-3BD0-4972-A46E-8F13B226ABA3}.Debug|x86.Build.0 = Debug|x86
		{603A1AEA-3BD0-4972-A46E-8F13B226ABA3}.Release|Any CPU.ActiveCfg = Release|Any CPU
		{603A1AEA-3BD0-4972-A46E-8F13B226ABA3}.Release|Mixed Platforms.ActiveCfg = Release|x86
		{603A1AEA-3BD0-4972-A46E-8F13B226ABA3}.Release|Mixed Platforms.Build.0 = Release|x86
		{603A1AEA-3BD0-4972-A46E-8F13B226ABA3}.Release|x86.ActiveCfg = Release|x86
		{603A1AEA-3BD0-4972-A46E-8F13B226ABA3}.Release|x86.Build.0 = Release|x86
		{CEBB78E0-C7D6-4560-862C-B7A77FD1E14F}.Debug|Any CPU.ActiveCfg = Debug|Any CPU
		{CEBB78E0-C7D6-4560-862C-B7A77FD1E14F}.Debug|Any CPU.Build.0 = Debug|Any CPU
		{CEBB78E0-C7D6-4560-862C-B7A77FD1E14F}.Debug|Mixed Platforms.ActiveCfg = Debug|Any CPU
		{CEBB78E0-C7D6-4560-862C-B7A77FD1E14F}.Debug|Mixed Platforms.Build.0 = Debug|Any CPU
		{CEBB78E0-C7D6-4560-862C-B7A77FD1E14F}.Debug|x86.ActiveCfg = Debug|Any CPU
		{CEBB78E0-C7D6-4560-862C-B7A77FD1E14F}.Release|Any CPU.ActiveCfg = Release|Any CPU
		{CEBB78E0-C7D6-4560-862C-B7A77FD1E14F}.Release|Any CPU.Build.0 = Release|Any CPU
		{CEBB78E0-C7D6-4560-862C-B7A77FD1E14F}.Release|Mixed Platforms.ActiveCfg = Release|Any CPU
		{CEBB78E0-C7D6-4560-862C-B7A77FD1E14F}.Release|Mixed Platforms.Build.0 = Release|Any CPU
		{CEBB78E0-C7D6-4560-862C-B7A77FD1E14F}.Release|x86.ActiveCfg = Release|Any CPU
		{6BBEFDE1-6AFB-473B-B775-DAC88BFC4F5C}.Debug|Any CPU.ActiveCfg = Debug|Any CPU
		{6BBEFDE1-6AFB-473B-B775-DAC88BFC4F5C}.Debug|Any CPU.Build.0 = Debug|Any CPU
		{6BBEFDE1-6AFB-473B-B775-DAC88BFC4F5C}.Debug|Mixed Platforms.ActiveCfg = Debug|Any CPU
		{6BBEFDE1-6AFB-473B-B775-DAC88BFC4F5C}.Debug|Mixed Platforms.Build.0 = Debug|Any CPU
		{6BBEFDE1-6AFB-473B-B775-DAC88BFC4F5C}.Debug|x86.ActiveCfg = Debug|Any CPU
		{6BBEFDE1-6AFB-473B-B775-DAC88BFC4F5C}.Release|Any CPU.ActiveCfg = Release|Any CPU
		{6BBEFDE1-6AFB-473B-B775-DAC88BFC4F5C}.Release|Any CPU.Build.0 = Release|Any CPU
		{6BBEFDE1-6AFB-473B-B775-DAC88BFC4F5C}.Release|Mixed Platforms.ActiveCfg = Release|Any CPU
		{6BBEFDE1-6AFB-473B-B775-DAC88BFC4F5C}.Release|Mixed Platforms.Build.0 = Release|Any CPU
		{6BBEFDE1-6AFB-473B-B775-DAC88BFC4F5C}.Release|x86.ActiveCfg = Release|Any CPU
		{8FFEA678-6F7B-4AF7-B5AD-ADE622346788}.Debug|Any CPU.ActiveCfg = Debug|Any CPU
		{8FFEA678-6F7B-4AF7-B5AD-ADE622346788}.Debug|Any CPU.Build.0 = Debug|Any CPU
		{8FFEA678-6F7B-4AF7-B5AD-ADE622346788}.Debug|Mixed Platforms.ActiveCfg = Debug|Any CPU
		{8FFEA678-6F7B-4AF7-B5AD-ADE622346788}.Debug|Mixed Platforms.Build.0 = Debug|Any CPU
		{8FFEA678-6F7B-4AF7-B5AD-ADE622346788}.Debug|x86.ActiveCfg = Debug|Any CPU
		{8FFEA678-6F7B-4AF7-B5AD-ADE622346788}.Release|Any CPU.ActiveCfg = Release|Any CPU
		{8FFEA678-6F7B-4AF7-B5AD-ADE622346788}.Release|Any CPU.Build.0 = Release|Any CPU
		{8FFEA678-6F7B-4AF7-B5AD-ADE622346788}.Release|Mixed Platforms.ActiveCfg = Release|Any CPU
		{8FFEA678-6F7B-4AF7-B5AD-ADE622346788}.Release|Mixed Platforms.Build.0 = Release|Any CPU
		{8FFEA678-6F7B-4AF7-B5AD-ADE622346788}.Release|x86.ActiveCfg = Release|Any CPU
		{26543BA7-2195-4833-BEB3-9646CB5C26EB}.Debug|Any CPU.ActiveCfg = Debug|Any CPU
		{26543BA7-2195-4833-BEB3-9646CB5C26EB}.Debug|Any CPU.Build.0 = Debug|Any CPU
		{26543BA7-2195-4833-BEB3-9646CB5C26EB}.Debug|Mixed Platforms.ActiveCfg = Debug|Any CPU
		{26543BA7-2195-4833-BEB3-9646CB5C26EB}.Debug|Mixed Platforms.Build.0 = Debug|Any CPU
		{26543BA7-2195-4833-BEB3-9646CB5C26EB}.Debug|x86.ActiveCfg = Debug|Any CPU
		{26543BA7-2195-4833-BEB3-9646CB5C26EB}.Release|Any CPU.ActiveCfg = Release|Any CPU
		{26543BA7-2195-4833-BEB3-9646CB5C26EB}.Release|Any CPU.Build.0 = Release|Any CPU
		{26543BA7-2195-4833-BEB3-9646CB5C26EB}.Release|Mixed Platforms.ActiveCfg = Release|Any CPU
		{26543BA7-2195-4833-BEB3-9646CB5C26EB}.Release|Mixed Platforms.Build.0 = Release|Any CPU
		{26543BA7-2195-4833-BEB3-9646CB5C26EB}.Release|x86.ActiveCfg = Release|Any CPU
		{FB97B8E3-1B96-4C4B-BE91-CF85CB162B85}.Debug|Any CPU.ActiveCfg = Debug|Any CPU
		{FB97B8E3-1B96-4C4B-BE91-CF85CB162B85}.Debug|Any CPU.Build.0 = Debug|Any CPU
		{FB97B8E3-1B96-4C4B-BE91-CF85CB162B85}.Debug|Mixed Platforms.ActiveCfg = Debug|Any CPU
		{FB97B8E3-1B96-4C4B-BE91-CF85CB162B85}.Debug|Mixed Platforms.Build.0 = Debug|Any CPU
		{FB97B8E3-1B96-4C4B-BE91-CF85CB162B85}.Debug|x86.ActiveCfg = Debug|Any CPU
		{FB97B8E3-1B96-4C4B-BE91-CF85CB162B85}.Release|Any CPU.ActiveCfg = Release|Any CPU
		{FB97B8E3-1B96-4C4B-BE91-CF85CB162B85}.Release|Any CPU.Build.0 = Release|Any CPU
		{FB97B8E3-1B96-4C4B-BE91-CF85CB162B85}.Release|Mixed Platforms.ActiveCfg = Release|Any CPU
		{FB97B8E3-1B96-4C4B-BE91-CF85CB162B85}.Release|Mixed Platforms.Build.0 = Release|Any CPU
		{FB97B8E3-1B96-4C4B-BE91-CF85CB162B85}.Release|x86.ActiveCfg = Release|Any CPU
		{38DC0539-4645-4417-8231-A69366BD0D2D}.Debug|Any CPU.ActiveCfg = Debug|Any CPU
		{38DC0539-4645-4417-8231-A69366BD0D2D}.Debug|Any CPU.Build.0 = Debug|Any CPU
		{38DC0539-4645-4417-8231-A69366BD0D2D}.Debug|Mixed Platforms.ActiveCfg = Debug|Any CPU
		{38DC0539-4645-4417-8231-A69366BD0D2D}.Debug|Mixed Platforms.Build.0 = Debug|Any CPU
		{38DC0539-4645-4417-8231-A69366BD0D2D}.Debug|x86.ActiveCfg = Debug|Any CPU
		{38DC0539-4645-4417-8231-A69366BD0D2D}.Release|Any CPU.ActiveCfg = Release|Any CPU
		{38DC0539-4645-4417-8231-A69366BD0D2D}.Release|Any CPU.Build.0 = Release|Any CPU
		{38DC0539-4645-4417-8231-A69366BD0D2D}.Release|Mixed Platforms.ActiveCfg = Release|Any CPU
		{38DC0539-4645-4417-8231-A69366BD0D2D}.Release|Mixed Platforms.Build.0 = Release|Any CPU
		{38DC0539-4645-4417-8231-A69366BD0D2D}.Release|x86.ActiveCfg = Release|Any CPU
		{4F0502D3-443D-4521-82FD-68747582539B}.Debug|Any CPU.ActiveCfg = Debug|Any CPU
		{4F0502D3-443D-4521-82FD-68747582539B}.Debug|Any CPU.Build.0 = Debug|Any CPU
		{4F0502D3-443D-4521-82FD-68747582539B}.Debug|Mixed Platforms.ActiveCfg = Debug|Any CPU
		{4F0502D3-443D-4521-82FD-68747582539B}.Debug|Mixed Platforms.Build.0 = Debug|Any CPU
		{4F0502D3-443D-4521-82FD-68747582539B}.Debug|x86.ActiveCfg = Debug|Any CPU
		{4F0502D3-443D-4521-82FD-68747582539B}.Release|Any CPU.ActiveCfg = Release|Any CPU
		{4F0502D3-443D-4521-82FD-68747582539B}.Release|Any CPU.Build.0 = Release|Any CPU
		{4F0502D3-443D-4521-82FD-68747582539B}.Release|Mixed Platforms.ActiveCfg = Release|Any CPU
		{4F0502D3-443D-4521-82FD-68747582539B}.Release|Mixed Platforms.Build.0 = Release|Any CPU
		{4F0502D3-443D-4521-82FD-68747582539B}.Release|x86.ActiveCfg = Release|Any CPU
		{FB239F13-10A3-4B11-9DC8-7747BF698E37}.Debug|Any CPU.ActiveCfg = Debug|Any CPU
		{FB239F13-10A3-4B11-9DC8-7747BF698E37}.Debug|Any CPU.Build.0 = Debug|Any CPU
		{FB239F13-10A3-4B11-9DC8-7747BF698E37}.Debug|Mixed Platforms.ActiveCfg = Debug|Any CPU
		{FB239F13-10A3-4B11-9DC8-7747BF698E37}.Debug|Mixed Platforms.Build.0 = Debug|Any CPU
		{FB239F13-10A3-4B11-9DC8-7747BF698E37}.Debug|x86.ActiveCfg = Debug|Any CPU
		{FB239F13-10A3-4B11-9DC8-7747BF698E37}.Release|Any CPU.ActiveCfg = Release|Any CPU
		{FB239F13-10A3-4B11-9DC8-7747BF698E37}.Release|Any CPU.Build.0 = Release|Any CPU
		{FB239F13-10A3-4B11-9DC8-7747BF698E37}.Release|Mixed Platforms.ActiveCfg = Release|Any CPU
		{FB239F13-10A3-4B11-9DC8-7747BF698E37}.Release|Mixed Platforms.Build.0 = Release|Any CPU
		{FB239F13-10A3-4B11-9DC8-7747BF698E37}.Release|x86.ActiveCfg = Release|Any CPU
		{6363E143-7E57-4162-9258-F042DB7D16FA}.Debug|Any CPU.ActiveCfg = Debug|Any CPU
		{6363E143-7E57-4162-9258-F042DB7D16FA}.Debug|Any CPU.Build.0 = Debug|Any CPU
		{6363E143-7E57-4162-9258-F042DB7D16FA}.Debug|Mixed Platforms.ActiveCfg = Debug|Any CPU
		{6363E143-7E57-4162-9258-F042DB7D16FA}.Debug|Mixed Platforms.Build.0 = Debug|Any CPU
		{6363E143-7E57-4162-9258-F042DB7D16FA}.Debug|x86.ActiveCfg = Debug|Any CPU
		{6363E143-7E57-4162-9258-F042DB7D16FA}.Release|Any CPU.ActiveCfg = Release|Any CPU
		{6363E143-7E57-4162-9258-F042DB7D16FA}.Release|Any CPU.Build.0 = Release|Any CPU
		{6363E143-7E57-4162-9258-F042DB7D16FA}.Release|Mixed Platforms.ActiveCfg = Release|Any CPU
		{6363E143-7E57-4162-9258-F042DB7D16FA}.Release|Mixed Platforms.Build.0 = Release|Any CPU
		{6363E143-7E57-4162-9258-F042DB7D16FA}.Release|x86.ActiveCfg = Release|Any CPU
	EndGlobalSection
	GlobalSection(SolutionProperties) = preSolution
		HideSolutionNode = FALSE
	EndGlobalSection
EndGlobal
