
Microsoft Visual Studio Solution File, Format Version 11.00
# Visual C# Express 2010
Project("{FAE04EC0-301F-11D3-BF4B-00C04F79EFBC}") = "CreateTextureFontSample", "CreateTextureFontSample\CreateTextureFontSample.csproj", "{A79ABD91-5516-43E9-B007-D57E8647853F}"
EndProject
Project("{FAE04EC0-301F-11D3-BF4B-00C04F79EFBC}") = "Snowball", "..\Snowball\Snowball.csproj", "{C445E6EB-7FF5-43A9-9F3A-1E6CC7AAB428}"
EndProject
Project("{FAE04EC0-301F-11D3-BF4B-00C04F79EFBC}") = "WalkingWizard", "WalkingWizard\WalkingWizard.csproj", "{279EB35D-3A95-4BC7-AAF1-27D6F299D1ED}"
EndProject
Global
	GlobalSection(SolutionConfigurationPlatforms) = preSolution
		Debug|Any CPU = Debug|Any CPU
		Debug|Mixed Platforms = Debug|Mixed Platforms
		Debug|x86 = Debug|x86
		Release|Any CPU = Release|Any CPU
		Release|Mixed Platforms = Release|Mixed Platforms
		Release|x86 = Release|x86
	EndGlobalSection
	GlobalSection(ProjectConfigurationPlatforms) = postSolution
		{A79ABD91-5516-43E9-B007-D57E8647853F}.Debug|Any CPU.ActiveCfg = Debug|x86
		{A79ABD91-5516-43E9-B007-D57E8647853F}.Debug|Mixed Platforms.ActiveCfg = Debug|x86
		{A79ABD91-5516-43E9-B007-D57E8647853F}.Debug|Mixed Platforms.Build.0 = Debug|x86
		{A79ABD91-5516-43E9-B007-D57E8647853F}.Debug|x86.ActiveCfg = Debug|x86
		{A79ABD91-5516-43E9-B007-D57E8647853F}.Debug|x86.Build.0 = Debug|x86
		{A79ABD91-5516-43E9-B007-D57E8647853F}.Release|Any CPU.ActiveCfg = Release|x86
		{A79ABD91-5516-43E9-B007-D57E8647853F}.Release|Mixed Platforms.ActiveCfg = Release|x86
		{A79ABD91-5516-43E9-B007-D57E8647853F}.Release|Mixed Platforms.Build.0 = Release|x86
		{A79ABD91-5516-43E9-B007-D57E8647853F}.Release|x86.ActiveCfg = Release|x86
		{A79ABD91-5516-43E9-B007-D57E8647853F}.Release|x86.Build.0 = Release|x86
		{C445E6EB-7FF5-43A9-9F3A-1E6CC7AAB428}.Debug|Any CPU.ActiveCfg = Debug|Any CPU
		{C445E6EB-7FF5-43A9-9F3A-1E6CC7AAB428}.Debug|Any CPU.Build.0 = Debug|Any CPU
		{C445E6EB-7FF5-43A9-9F3A-1E6CC7AAB428}.Debug|Mixed Platforms.ActiveCfg = Debug|Any CPU
		{C445E6EB-7FF5-43A9-9F3A-1E6CC7AAB428}.Debug|Mixed Platforms.Build.0 = Debug|Any CPU
		{C445E6EB-7FF5-43A9-9F3A-1E6CC7AAB428}.Debug|x86.ActiveCfg = Debug|Any CPU
		{C445E6EB-7FF5-43A9-9F3A-1E6CC7AAB428}.Release|Any CPU.ActiveCfg = Release|Any CPU
		{C445E6EB-7FF5-43A9-9F3A-1E6CC7AAB428}.Release|Any CPU.Build.0 = Release|Any CPU
		{C445E6EB-7FF5-43A9-9F3A-1E6CC7AAB428}.Release|Mixed Platforms.ActiveCfg = Release|Any CPU
		{C445E6EB-7FF5-43A9-9F3A-1E6CC7AAB428}.Release|Mixed Platforms.Build.0 = Release|Any CPU
		{C445E6EB-7FF5-43A9-9F3A-1E6CC7AAB428}.Release|x86.ActiveCfg = Release|Any CPU
		{279EB35D-3A95-4BC7-AAF1-27D6F299D1ED}.Debug|Any CPU.ActiveCfg = Debug|x86
		{279EB35D-3A95-4BC7-AAF1-27D6F299D1ED}.Debug|Mixed Platforms.ActiveCfg = Debug|x86
		{279EB35D-3A95-4BC7-AAF1-27D6F299D1ED}.Debug|Mixed Platforms.Build.0 = Debug|x86
		{279EB35D-3A95-4BC7-AAF1-27D6F299D1ED}.Debug|x86.ActiveCfg = Debug|x86
		{279EB35D-3A95-4BC7-AAF1-27D6F299D1ED}.Debug|x86.Build.0 = Debug|x86
		{279EB35D-3A95-4BC7-AAF1-27D6F299D1ED}.Release|Any CPU.ActiveCfg = Release|x86
		{279EB35D-3A95-4BC7-AAF1-27D6F299D1ED}.Release|Mixed Platforms.ActiveCfg = Release|x86
		{279EB35D-3A95-4BC7-AAF1-27D6F299D1ED}.Release|Mixed Platforms.Build.0 = Release|x86
		{279EB35D-3A95-4BC7-AAF1-27D6F299D1ED}.Release|x86.ActiveCfg = Release|x86
		{279EB35D-3A95-4BC7-AAF1-27D6F299D1ED}.Release|x86.Build.0 = Release|x86
	EndGlobalSection
	GlobalSection(SolutionProperties) = preSolution
		HideSolutionNode = FALSE
	EndGlobalSection
EndGlobal
