
Microsoft Visual Studio Solution File, Format Version 11.00
# Visual C# Express 2010
Project("{FAE04EC0-301F-11D3-BF4B-00C04F79EFBC}") = "SpriteAnimationViewer", "SpriteAnimationViewer\SpriteAnimationViewer.csproj", "{BBF7DDE6-9B24-4ADD-8750-37DE71EE2DCC}"
EndProject
Project("{FAE04EC0-301F-11D3-BF4B-00C04F79EFBC}") = "Snowball", "..\Snowball\Snowball.csproj", "{C445E6EB-7FF5-43A9-9F3A-1E6CC7AAB428}"
EndProject
Project("{FAE04EC0-301F-11D3-BF4B-00C04F79EFBC}") = "TextureFontGenerator", "TextureFontGenerator\TextureFontGenerator.csproj", "{561DAA81-23D0-41CC-B616-329ED90E715A}"
EndProject
Project("{FAE04EC0-301F-11D3-BF4B-00C04F79EFBC}") = "Snowball.Tools.Utilities", "Snowball.Tools.Utilities\Snowball.Tools.Utilities.csproj", "{CEBB78E0-C7D6-4560-862C-B7A77FD1E14F}"
EndProject
Project("{FAE04EC0-301F-11D3-BF4B-00C04F79EFBC}") = "Snowball.Tools.Utilities.Tests", "Snowball.Tools.Utilities.Tests\Snowball.Tools.Utilities.Tests.csproj", "{6BBEFDE1-6AFB-473B-B775-DAC88BFC4F5C}"
EndProject
Global
	GlobalSection(SolutionConfigurationPlatforms) = preSolution
		Debug|Any CPU = Debug|Any CPU
		Debug|Mixed Platforms = Debug|Mixed Platforms
		Debug|x86 = Debug|x86
		Release|Any CPU = Release|Any CPU
		Release|Mixed Platforms = Release|Mixed Platforms
		Release|x86 = Release|x86
	EndGlobalSection
	GlobalSection(ProjectConfigurationPlatforms) = postSolution
		{BBF7DDE6-9B24-4ADD-8750-37DE71EE2DCC}.Debug|Any CPU.ActiveCfg = Debug|x86
		{BBF7DDE6-9B24-4ADD-8750-37DE71EE2DCC}.Debug|Mixed Platforms.ActiveCfg = Debug|x86
		{BBF7DDE6-9B24-4ADD-8750-37DE71EE2DCC}.Debug|Mixed Platforms.Build.0 = Debug|x86
		{BBF7DDE6-9B24-4ADD-8750-37DE71EE2DCC}.Debug|x86.ActiveCfg = Debug|x86
		{BBF7DDE6-9B24-4ADD-8750-37DE71EE2DCC}.Debug|x86.Build.0 = Debug|x86
		{BBF7DDE6-9B24-4ADD-8750-37DE71EE2DCC}.Release|Any CPU.ActiveCfg = Release|x86
		{BBF7DDE6-9B24-4ADD-8750-37DE71EE2DCC}.Release|Mixed Platforms.ActiveCfg = Release|x86
		{BBF7DDE6-9B24-4ADD-8750-37DE71EE2DCC}.Release|Mixed Platforms.Build.0 = Release|x86
		{BBF7DDE6-9B24-4ADD-8750-37DE71EE2DCC}.Release|x86.ActiveCfg = Release|x86
		{BBF7DDE6-9B24-4ADD-8750-37DE71EE2DCC}.Release|x86.Build.0 = Release|x86
		{C445E6EB-7FF5-43A9-9F3A-1E6CC7AAB428}.Debug|Any CPU.ActiveCfg = Debug|Any CPU
		{C445E6EB-7FF5-43A9-9F3A-1E6CC7AAB428}.Debug|Any CPU.Build.0 = Debug|Any CPU
		{C445E6EB-7FF5-43A9-9F3A-1E6CC7AAB428}.Debug|Mixed Platforms.ActiveCfg = Debug|Any CPU
		{C445E6EB-7FF5-43A9-9F3A-1E6CC7AAB428}.Debug|Mixed Platforms.Build.0 = Debug|Any CPU
		{C445E6EB-7FF5-43A9-9F3A-1E6CC7AAB428}.Debug|x86.ActiveCfg = Debug|Any CPU
		{C445E6EB-7FF5-43A9-9F3A-1E6CC7AAB428}.Debug|x86.Build.0 = Debug|Any CPU
		{C445E6EB-7FF5-43A9-9F3A-1E6CC7AAB428}.Release|Any CPU.ActiveCfg = Release|Any CPU
		{C445E6EB-7FF5-43A9-9F3A-1E6CC7AAB428}.Release|Any CPU.Build.0 = Release|Any CPU
		{C445E6EB-7FF5-43A9-9F3A-1E6CC7AAB428}.Release|Mixed Platforms.ActiveCfg = Release|Any CPU
		{C445E6EB-7FF5-43A9-9F3A-1E6CC7AAB428}.Release|Mixed Platforms.Build.0 = Release|Any CPU
		{C445E6EB-7FF5-43A9-9F3A-1E6CC7AAB428}.Release|x86.ActiveCfg = Release|Any CPU
		{C445E6EB-7FF5-43A9-9F3A-1E6CC7AAB428}.Release|x86.Build.0 = Release|Any CPU
		{561DAA81-23D0-41CC-B616-329ED90E715A}.Debug|Any CPU.ActiveCfg = Debug|x86
		{561DAA81-23D0-41CC-B616-329ED90E715A}.Debug|Mixed Platforms.ActiveCfg = Debug|x86
		{561DAA81-23D0-41CC-B616-329ED90E715A}.Debug|Mixed Platforms.Build.0 = Debug|x86
		{561DAA81-23D0-41CC-B616-329ED90E715A}.Debug|x86.ActiveCfg = Debug|x86
		{561DAA81-23D0-41CC-B616-329ED90E715A}.Debug|x86.Build.0 = Debug|x86
		{561DAA81-23D0-41CC-B616-329ED90E715A}.Release|Any CPU.ActiveCfg = Release|x86
		{561DAA81-23D0-41CC-B616-329ED90E715A}.Release|Mixed Platforms.ActiveCfg = Release|x86
		{561DAA81-23D0-41CC-B616-329ED90E715A}.Release|Mixed Platforms.Build.0 = Release|x86
		{561DAA81-23D0-41CC-B616-329ED90E715A}.Release|x86.ActiveCfg = Release|x86
		{561DAA81-23D0-41CC-B616-329ED90E715A}.Release|x86.Build.0 = Release|x86
		{CEBB78E0-C7D6-4560-862C-B7A77FD1E14F}.Debug|Any CPU.ActiveCfg = Debug|Any CPU
		{CEBB78E0-C7D6-4560-862C-B7A77FD1E14F}.Debug|Any CPU.Build.0 = Debug|Any CPU
		{CEBB78E0-C7D6-4560-862C-B7A77FD1E14F}.Debug|Mixed Platforms.ActiveCfg = Debug|Any CPU
		{CEBB78E0-C7D6-4560-862C-B7A77FD1E14F}.Debug|Mixed Platforms.Build.0 = Debug|Any CPU
		{CEBB78E0-C7D6-4560-862C-B7A77FD1E14F}.Debug|x86.ActiveCfg = Debug|Any CPU
		{CEBB78E0-C7D6-4560-862C-B7A77FD1E14F}.Debug|x86.Build.0 = Debug|Any CPU
		{CEBB78E0-C7D6-4560-862C-B7A77FD1E14F}.Release|Any CPU.ActiveCfg = Release|Any CPU
		{CEBB78E0-C7D6-4560-862C-B7A77FD1E14F}.Release|Any CPU.Build.0 = Release|Any CPU
		{CEBB78E0-C7D6-4560-862C-B7A77FD1E14F}.Release|Mixed Platforms.ActiveCfg = Release|Any CPU
		{CEBB78E0-C7D6-4560-862C-B7A77FD1E14F}.Release|Mixed Platforms.Build.0 = Release|Any CPU
		{CEBB78E0-C7D6-4560-862C-B7A77FD1E14F}.Release|x86.ActiveCfg = Release|Any CPU
		{CEBB78E0-C7D6-4560-862C-B7A77FD1E14F}.Release|x86.Build.0 = Release|Any CPU
		{6BBEFDE1-6AFB-473B-B775-DAC88BFC4F5C}.Debug|Any CPU.ActiveCfg = Debug|Any CPU
		{6BBEFDE1-6AFB-473B-B775-DAC88BFC4F5C}.Debug|Any CPU.Build.0 = Debug|Any CPU
		{6BBEFDE1-6AFB-473B-B775-DAC88BFC4F5C}.Debug|Mixed Platforms.ActiveCfg = Debug|Any CPU
		{6BBEFDE1-6AFB-473B-B775-DAC88BFC4F5C}.Debug|Mixed Platforms.Build.0 = Debug|Any CPU
		{6BBEFDE1-6AFB-473B-B775-DAC88BFC4F5C}.Debug|x86.ActiveCfg = Debug|Any CPU
		{6BBEFDE1-6AFB-473B-B775-DAC88BFC4F5C}.Debug|x86.Build.0 = Debug|Any CPU
		{6BBEFDE1-6AFB-473B-B775-DAC88BFC4F5C}.Release|Any CPU.ActiveCfg = Release|Any CPU
		{6BBEFDE1-6AFB-473B-B775-DAC88BFC4F5C}.Release|Any CPU.Build.0 = Release|Any CPU
		{6BBEFDE1-6AFB-473B-B775-DAC88BFC4F5C}.Release|Mixed Platforms.ActiveCfg = Release|Any CPU
		{6BBEFDE1-6AFB-473B-B775-DAC88BFC4F5C}.Release|Mixed Platforms.Build.0 = Release|Any CPU
		{6BBEFDE1-6AFB-473B-B775-DAC88BFC4F5C}.Release|x86.ActiveCfg = Release|Any CPU
		{6BBEFDE1-6AFB-473B-B775-DAC88BFC4F5C}.Release|x86.Build.0 = Release|Any CPU
	EndGlobalSection
	GlobalSection(SolutionProperties) = preSolution
		HideSolutionNode = FALSE
	EndGlobalSection
EndGlobal
